
Microsoft Visual Studio Solution File, Format Version 12.00
# Visual Studio Version 17
VisualStudioVersion = 17.0.32126.317
MinimumVisualStudioVersion = 10.0.40219.1
Project("{9A19103F-16F7-4668-BE54-9A1E7A4F7556}") = "SharedHome.Client", "SharedHome.Client\SharedHome.Client.csproj", "{0A16620A-BBD4-493C-829E-CACC4F13124F}"
EndProject
Global
	GlobalSection(SolutionConfigurationPlatforms) = preSolution
		Debug|Any CPU = Debug|Any CPU
		Release|Any CPU = Release|Any CPU
	EndGlobalSection
	GlobalSection(ProjectConfigurationPlatforms) = postSolution
		{0A16620A-BBD4-493C-829E-CACC4F13124F}.Debug|Any CPU.ActiveCfg = Debug|Any CPU
		{0A16620A-BBD4-493C-829E-CACC4F13124F}.Debug|Any CPU.Build.0 = Debug|Any CPU
		{0A16620A-BBD4-493C-829E-CACC4F13124F}.Release|Any CPU.ActiveCfg = Release|Any CPU
		{0A16620A-BBD4-493C-829E-CACC4F13124F}.Release|Any CPU.Build.0 = Release|Any CPU
	EndGlobalSection
	GlobalSection(SolutionProperties) = preSolution
		HideSolutionNode = FALSE
	EndGlobalSection
	GlobalSection(ExtensibilityGlobals) = postSolution
		SolutionGuid = {9342A216-A0E8-45F9-A8EF-BBEE56FB97D6}
	EndGlobalSection
EndGlobal
